
Microsoft Visual Studio Solution File, Format Version 12.00
# Visual Studio Version 17
VisualStudioVersion = 17.2.32630.192
MinimumVisualStudioVersion = 10.0.40219.1
Project("{FAE04EC0-301F-11D3-BF4B-00C04F79EFBC}") = "FIT5032Assignment", "FIT5032Assignment\FIT5032Assignment.csproj", "{68D7056C-87F4-4AF3-8A72-D984C9E385CD}"
EndProject
Global
	GlobalSection(SolutionConfigurationPlatforms) = preSolution
		Debug|Any CPU = Debug|Any CPU
		Release|Any CPU = Release|Any CPU
	EndGlobalSection
	GlobalSection(ProjectConfigurationPlatforms) = postSolution
		{68D7056C-87F4-4AF3-8A72-D984C9E385CD}.Debug|Any CPU.ActiveCfg = Debug|Any CPU
		{68D7056C-87F4-4AF3-8A72-D984C9E385CD}.Debug|Any CPU.Build.0 = Debug|Any CPU
		{68D7056C-87F4-4AF3-8A72-D984C9E385CD}.Release|Any CPU.ActiveCfg = Release|Any CPU
		{68D7056C-87F4-4AF3-8A72-D984C9E385CD}.Release|Any CPU.Build.0 = Release|Any CPU
	EndGlobalSection
	GlobalSection(SolutionProperties) = preSolution
		HideSolutionNode = FALSE
	EndGlobalSection
	GlobalSection(ExtensibilityGlobals) = postSolution
		SolutionGuid = {123A7352-F1AD-4D53-85DD-78112F6CFBB1}
	EndGlobalSection
EndGlobal
